
Microsoft Visual Studio Solution File, Format Version 12.00
# Visual Studio 15
VisualStudioVersion = 15.0.28307.106
MinimumVisualStudioVersion = 10.0.40219.1
Project("{FAE04EC0-301F-11D3-BF4B-00C04F79EFBC}") = "RSVP", "RSVP\RSVP.csproj", "{764A4650-7288-40C4-8AE0-E9CC9C90C6F7}"
EndProject
Global
	GlobalSection(SolutionConfigurationPlatforms) = preSolution
		Debug|Any CPU = Debug|Any CPU
		Release|Any CPU = Release|Any CPU
	EndGlobalSection
	GlobalSection(ProjectConfigurationPlatforms) = postSolution
		{764A4650-7288-40C4-8AE0-E9CC9C90C6F7}.Debug|Any CPU.ActiveCfg = Debug|Any CPU
		{764A4650-7288-40C4-8AE0-E9CC9C90C6F7}.Debug|Any CPU.Build.0 = Debug|Any CPU
		{764A4650-7288-40C4-8AE0-E9CC9C90C6F7}.Release|Any CPU.ActiveCfg = Release|Any CPU
		{764A4650-7288-40C4-8AE0-E9CC9C90C6F7}.Release|Any CPU.Build.0 = Release|Any CPU
	EndGlobalSection
	GlobalSection(SolutionProperties) = preSolution
		HideSolutionNode = FALSE
	EndGlobalSection
	GlobalSection(ExtensibilityGlobals) = postSolution
		SolutionGuid = {82B71736-BEC4-4498-A662-1AC170B110BD}
	EndGlobalSection
EndGlobal
